
Microsoft Visual Studio Solution File, Format Version 12.00
# Visual Studio Version 17
VisualStudioVersion = 17.14.37301.10 d17.14
MinimumVisualStudioVersion = 10.0.40219.1
Project("{FAE04EC0-301F-11D3-BF4B-00C04F79EFBC}") = "Framework", "Framework\Framework.csproj", "{59E16705-DB3D-4A87-BE23-07B5DB73AF46}"
EndProject
Project("{FAE04EC0-301F-11D3-BF4B-00C04F79EFBC}") = "Sandbox", "Sandbox\Sandbox.csproj", "{6CEA5C19-F8A9-4796-B2FD-E67BBEC6AE9A}"
EndProject
Global
	GlobalSection(SolutionConfigurationPlatforms) = preSolution
		Debug|Any CPU = Debug|Any CPU
		Release|Any CPU = Release|Any CPU
	EndGlobalSection
	GlobalSection(ProjectConfigurationPlatforms) = postSolution
		{59E16705-DB3D-4A87-BE23-07B5DB73AF46}.Debug|Any CPU.ActiveCfg = Debug|Any CPU
		{59E16705-DB3D-4A87-BE23-07B5DB73AF46}.Debug|Any CPU.Build.0 = Debug|Any CPU
		{59E16705-DB3D-4A87-BE23-07B5DB73AF46}.Release|Any CPU.ActiveCfg = Release|Any CPU
		{59E16705-DB3D-4A87-BE23-07B5DB73AF46}.Release|Any CPU.Build.0 = Release|Any CPU
		{6CEA5C19-F8A9-4796-B2FD-E67BBEC6AE9A}.Debug|Any CPU.ActiveCfg = Debug|Any CPU
		{6CEA5C19-F8A9-4796-B2FD-E67BBEC6AE9A}.Debug|Any CPU.Build.0 = Debug|Any CPU
		{6CEA5C19-F8A9-4796-B2FD-E67BBEC6AE9A}.Release|Any CPU.ActiveCfg = Release|Any CPU
		{6CEA5C19-F8A9-4796-B2FD-E67BBEC6AE9A}.Release|Any CPU.Build.0 = Release|Any CPU
	EndGlobalSection
	GlobalSection(SolutionProperties) = preSolution
		HideSolutionNode = FALSE
	EndGlobalSection
	GlobalSection(ExtensibilityGlobals) = postSolution
		SolutionGuid = {FD2541A0-830B-41DB-BC08-DDC5DE7066F1}
	EndGlobalSection
EndGlobal
